
Microsoft Visual Studio Solution File, Format Version 12.00
# Visual Studio Version 16
VisualStudioVersion = 25.0.1706.12
MinimumVisualStudioVersion = 10.0.40219.1
Project("{FAE04EC0-301F-11D3-BF4B-00C04F79EFBC}") = "Calculator1", "Calculator1\Calculator1.csproj", "{0C2CFD08-213A-445C-9CAB-DEC02AE3B25A}"
EndProject
Global
	GlobalSection(SolutionConfigurationPlatforms) = preSolution
		Debug|Any CPU = Debug|Any CPU
		Release|Any CPU = Release|Any CPU
	EndGlobalSection
	GlobalSection(ProjectConfigurationPlatforms) = postSolution
		{0C2CFD08-213A-445C-9CAB-DEC02AE3B25A}.Debug|Any CPU.ActiveCfg = Debug|Any CPU
		{0C2CFD08-213A-445C-9CAB-DEC02AE3B25A}.Debug|Any CPU.Build.0 = Debug|Any CPU
		{0C2CFD08-213A-445C-9CAB-DEC02AE3B25A}.Release|Any CPU.ActiveCfg = Release|Any CPU
		{0C2CFD08-213A-445C-9CAB-DEC02AE3B25A}.Release|Any CPU.Build.0 = Release|Any CPU
	EndGlobalSection
	GlobalSection(SolutionProperties) = preSolution
		HideSolutionNode = FALSE
	EndGlobalSection
	GlobalSection(ExtensibilityGlobals) = postSolution
		SolutionGuid = {C3E5D4B3-2CEC-4C3F-BC2F-8B01DAF63982}
	EndGlobalSection
EndGlobal
